
Microsoft Visual Studio Solution File, Format Version 12.00
# Visual Studio 2012
Project("{FAE04EC0-301F-11D3-BF4B-00C04F79EFBC}") = "Watcher Test Final", "ConsoleApplication1\Watcher Test Final.csproj", "{14F7C374-162E-46ED-9E7D-33F59F31F9A6}"
EndProject
Global
	GlobalSection(SolutionConfigurationPlatforms) = preSolution
		Debug|Any CPU = Debug|Any CPU
		Release|Any CPU = Release|Any CPU
	EndGlobalSection
	GlobalSection(ProjectConfigurationPlatforms) = postSolution
		{14F7C374-162E-46ED-9E7D-33F59F31F9A6}.Debug|Any CPU.ActiveCfg = Debug|Any CPU
		{14F7C374-162E-46ED-9E7D-33F59F31F9A6}.Debug|Any CPU.Build.0 = Debug|Any CPU
		{14F7C374-162E-46ED-9E7D-33F59F31F9A6}.Release|Any CPU.ActiveCfg = Release|Any CPU
		{14F7C374-162E-46ED-9E7D-33F59F31F9A6}.Release|Any CPU.Build.0 = Release|Any CPU
	EndGlobalSection
	GlobalSection(SolutionProperties) = preSolution
		HideSolutionNode = FALSE
	EndGlobalSection
EndGlobal
